
Microsoft Visual Studio Solution File, Format Version 12.00
# Visual Studio Version 17
VisualStudioVersion = 17.3.32811.315
MinimumVisualStudioVersion = 10.0.40219.1
Project("{FAE04EC0-301F-11D3-BF4B-00C04F79EFBC}") = "JJGXSO", "JJGXSO\JJGXSO.csproj", "{B3BDB346-D2B7-42D8-9571-FF92D197CCC0}"
EndProject
Global
	GlobalSection(SolutionConfigurationPlatforms) = preSolution
		Debug|Any CPU = Debug|Any CPU
		Release|Any CPU = Release|Any CPU
	EndGlobalSection
	GlobalSection(ProjectConfigurationPlatforms) = postSolution
		{B3BDB346-D2B7-42D8-9571-FF92D197CCC0}.Debug|Any CPU.ActiveCfg = Debug|Any CPU
		{B3BDB346-D2B7-42D8-9571-FF92D197CCC0}.Debug|Any CPU.Build.0 = Debug|Any CPU
		{B3BDB346-D2B7-42D8-9571-FF92D197CCC0}.Release|Any CPU.ActiveCfg = Release|Any CPU
		{B3BDB346-D2B7-42D8-9571-FF92D197CCC0}.Release|Any CPU.Build.0 = Release|Any CPU
	EndGlobalSection
	GlobalSection(SolutionProperties) = preSolution
		HideSolutionNode = FALSE
	EndGlobalSection
	GlobalSection(ExtensibilityGlobals) = postSolution
		SolutionGuid = {9C91888C-365F-40AE-9A40-B60CFC86F685}
	EndGlobalSection
EndGlobal
